
Microsoft Visual Studio Solution File, Format Version 12.00
# Visual Studio Version 17
VisualStudioVersion = 17.6.33829.357
MinimumVisualStudioVersion = 10.0.40219.1
Project("{9A19103F-16F7-4668-BE54-9A1E7A4F7556}") = "T2Q2_UniversityResult", "T2Q2_UniversityResult\T2Q2_UniversityResult.csproj", "{B6FC6298-887E-4B30-98CF-DF3123EFA1B9}"
EndProject
Project("{9A19103F-16F7-4668-BE54-9A1E7A4F7556}") = "T2Q1_Hurricane", "T2Q1_Hurricane\T2Q1_Hurricane.csproj", "{D3C78122-C3EB-4288-B7F5-6A061FC16E79}"
EndProject
Project("{9A19103F-16F7-4668-BE54-9A1E7A4F7556}") = "T2Q3_UserSum", "T2Q3_UserSum\T2Q3_UserSum.csproj", "{A258268A-0B8D-4ACD-9993-8611594D0D7C}"
EndProject
Project("{9A19103F-16F7-4668-BE54-9A1E7A4F7556}") = "T2Q4_Factorial", "T2Q4_Factorial\T2Q4_Factorial.csproj", "{7ADD9E2C-A2A7-4CE9-90FB-684236FEB612}"
EndProject
Project("{9A19103F-16F7-4668-BE54-9A1E7A4F7556}") = "W2Q01_MicroBlog", "W2Q1_MicroBlog\W2Q01_MicroBlog.csproj", "{89A571C0-1748-4C2D-BC7D-034268914F8C}"
EndProject
Project("{9A19103F-16F7-4668-BE54-9A1E7A4F7556}") = "W2Q02_CheckLowRate", "W2Q2_CheckLowRate\W2Q02_CheckLowRate.csproj", "{CC21E8B2-FA5A-454F-A52A-7D6133B4B661}"
EndProject
Project("{9A19103F-16F7-4668-BE54-9A1E7A4F7556}") = "W2Q03_AgeDisplay", "W2Q3_AgeDisplay\W2Q03_AgeDisplay.csproj", "{5DC11441-6B44-48EC-AFCD-101492BD847D}"
EndProject
Project("{9A19103F-16F7-4668-BE54-9A1E7A4F7556}") = "W2Q04_DailyDownloads", "W2Q4_DailyDownloads\W2Q04_DailyDownloads.csproj", "{F05AEC26-1FCE-4671-98FE-DC76664BAA13}"
EndProject
Project("{9A19103F-16F7-4668-BE54-9A1E7A4F7556}") = "W2Q05_MyConsoleColor", "W2Q5_MyConsoleColor\W2Q05_MyConsoleColor.csproj", "{4F4417CE-4C02-456A-890D-3C3025364F0F}"
EndProject
Project("{9A19103F-16F7-4668-BE54-9A1E7A4F7556}") = "W2Q06_DayName", "W2Q6_DayName\W2Q06_DayName.csproj", "{2197A6CA-CA5D-4DAF-9928-67D67BDED0EB}"
EndProject
Project("{9A19103F-16F7-4668-BE54-9A1E7A4F7556}") = "W2Q07_Seasons", "W2Q7_Seasons\W2Q07_Seasons.csproj", "{E703800D-F2F4-411F-821E-FFDD23D1E7F3}"
EndProject
Project("{FAE04EC0-301F-11D3-BF4B-00C04F79EFBC}") = "W2Q08_CountDown", "W2Q8_CountDown\W2Q08_CountDown.csproj", "{3AAE0A46-7550-4CC9-8C3D-D9F0BC1F65E5}"
EndProject
Project("{FAE04EC0-301F-11D3-BF4B-00C04F79EFBC}") = "W2Q09_EnterUppercaseLetters", "W2Q9_EnterUppercaseLetters\W2Q09_EnterUppercaseLetters.csproj", "{080AD804-882D-479C-A6E8-4114DA3EB3F7}"
EndProject
Project("{FAE04EC0-301F-11D3-BF4B-00C04F79EFBC}") = "W2Q10_AllDigits", "W2Q10_AllDigits\W2Q10_AllDigits.csproj", "{3CBAE237-34E7-4E48-8420-B6DDDEE90C49}"
EndProject
Project("{FAE04EC0-301F-11D3-BF4B-00C04F79EFBC}") = "W2Q11_OddNum", "W2Q11_OddNum\W2Q11_OddNum.csproj", "{CE6CA6CF-9279-40DC-A312-19DF0E9F49DE}"
EndProject
Project("{FAE04EC0-301F-11D3-BF4B-00C04F79EFBC}") = "HWQ1_CheckCredit", "HWQ1_CheckCredit\HWQ1_CheckCredit.csproj", "{24780AFF-8AD0-4FF7-95FD-C33FABDFF3D3}"
EndProject
Project("{FAE04EC0-301F-11D3-BF4B-00C04F79EFBC}") = "HWQ2_CheckScore", "HWQ2_CheckScore\HWQ2_CheckScore.csproj", "{19920142-6331-486D-91E5-C9FDAF754699}"
EndProject
Project("{FAE04EC0-301F-11D3-BF4B-00C04F79EFBC}") = "HWQ3_UniversityIlluminati", "HWQ3_UniversityIlluminati\HWQ3_UniversityIlluminati.csproj", "{DBD8E904-2824-4A4B-9AA6-3CAE9105DE0C}"
EndProject
Project("{FAE04EC0-301F-11D3-BF4B-00C04F79EFBC}") = "HWQ4_Alphabet", "HWQ4_Alphabet\HWQ4_Alphabet.csproj", "{3875B1B2-EE51-4635-9474-8F31A60E71EA}"
EndProject
Project("{FAE04EC0-301F-11D3-BF4B-00C04F79EFBC}") = "HWQ5_SumFiveInts", "HWQ5_SumFiveInts\HWQ5_SumFiveInts.csproj", "{46F36E6A-5555-4C67-8066-378063BFBF34}"
EndProject
Project("{FAE04EC0-301F-11D3-BF4B-00C04F79EFBC}") = "HWQ6_DisplayRightAngleTriangle", "HWQ6_DisplayRightAngleTriangle\HWQ6_DisplayRightAngleTriangle.csproj", "{AB3241DC-2CA3-449E-ABCF-5076CD7B0AF4}"
EndProject
Global
	GlobalSection(SolutionConfigurationPlatforms) = preSolution
		Debug|Any CPU = Debug|Any CPU
		Release|Any CPU = Release|Any CPU
	EndGlobalSection
	GlobalSection(ProjectConfigurationPlatforms) = postSolution
		{B6FC6298-887E-4B30-98CF-DF3123EFA1B9}.Debug|Any CPU.ActiveCfg = Debug|Any CPU
		{B6FC6298-887E-4B30-98CF-DF3123EFA1B9}.Debug|Any CPU.Build.0 = Debug|Any CPU
		{B6FC6298-887E-4B30-98CF-DF3123EFA1B9}.Release|Any CPU.ActiveCfg = Release|Any CPU
		{B6FC6298-887E-4B30-98CF-DF3123EFA1B9}.Release|Any CPU.Build.0 = Release|Any CPU
		{D3C78122-C3EB-4288-B7F5-6A061FC16E79}.Debug|Any CPU.ActiveCfg = Debug|Any CPU
		{D3C78122-C3EB-4288-B7F5-6A061FC16E79}.Debug|Any CPU.Build.0 = Debug|Any CPU
		{D3C78122-C3EB-4288-B7F5-6A061FC16E79}.Release|Any CPU.ActiveCfg = Release|Any CPU
		{D3C78122-C3EB-4288-B7F5-6A061FC16E79}.Release|Any CPU.Build.0 = Release|Any CPU
		{A258268A-0B8D-4ACD-9993-8611594D0D7C}.Debug|Any CPU.ActiveCfg = Debug|Any CPU
		{A258268A-0B8D-4ACD-9993-8611594D0D7C}.Debug|Any CPU.Build.0 = Debug|Any CPU
		{A258268A-0B8D-4ACD-9993-8611594D0D7C}.Release|Any CPU.ActiveCfg = Release|Any CPU
		{A258268A-0B8D-4ACD-9993-8611594D0D7C}.Release|Any CPU.Build.0 = Release|Any CPU
		{7ADD9E2C-A2A7-4CE9-90FB-684236FEB612}.Debug|Any CPU.ActiveCfg = Debug|Any CPU
		{7ADD9E2C-A2A7-4CE9-90FB-684236FEB612}.Debug|Any CPU.Build.0 = Debug|Any CPU
		{7ADD9E2C-A2A7-4CE9-90FB-684236FEB612}.Release|Any CPU.ActiveCfg = Release|Any CPU
		{7ADD9E2C-A2A7-4CE9-90FB-684236FEB612}.Release|Any CPU.Build.0 = Release|Any CPU
		{89A571C0-1748-4C2D-BC7D-034268914F8C}.Debug|Any CPU.ActiveCfg = Debug|Any CPU
		{89A571C0-1748-4C2D-BC7D-034268914F8C}.Debug|Any CPU.Build.0 = Debug|Any CPU
		{89A571C0-1748-4C2D-BC7D-034268914F8C}.Release|Any CPU.ActiveCfg = Release|Any CPU
		{89A571C0-1748-4C2D-BC7D-034268914F8C}.Release|Any CPU.Build.0 = Release|Any CPU
		{CC21E8B2-FA5A-454F-A52A-7D6133B4B661}.Debug|Any CPU.ActiveCfg = Debug|Any CPU
		{CC21E8B2-FA5A-454F-A52A-7D6133B4B661}.Debug|Any CPU.Build.0 = Debug|Any CPU
		{CC21E8B2-FA5A-454F-A52A-7D6133B4B661}.Release|Any CPU.ActiveCfg = Release|Any CPU
		{CC21E8B2-FA5A-454F-A52A-7D6133B4B661}.Release|Any CPU.Build.0 = Release|Any CPU
		{5DC11441-6B44-48EC-AFCD-101492BD847D}.Debug|Any CPU.ActiveCfg = Debug|Any CPU
		{5DC11441-6B44-48EC-AFCD-101492BD847D}.Debug|Any CPU.Build.0 = Debug|Any CPU
		{5DC11441-6B44-48EC-AFCD-101492BD847D}.Release|Any CPU.ActiveCfg = Release|Any CPU
		{5DC11441-6B44-48EC-AFCD-101492BD847D}.Release|Any CPU.Build.0 = Release|Any CPU
		{F05AEC26-1FCE-4671-98FE-DC76664BAA13}.Debug|Any CPU.ActiveCfg = Debug|Any CPU
		{F05AEC26-1FCE-4671-98FE-DC76664BAA13}.Debug|Any CPU.Build.0 = Debug|Any CPU
		{F05AEC26-1FCE-4671-98FE-DC76664BAA13}.Release|Any CPU.ActiveCfg = Release|Any CPU
		{F05AEC26-1FCE-4671-98FE-DC76664BAA13}.Release|Any CPU.Build.0 = Release|Any CPU
		{4F4417CE-4C02-456A-890D-3C3025364F0F}.Debug|Any CPU.ActiveCfg = Debug|Any CPU
		{4F4417CE-4C02-456A-890D-3C3025364F0F}.Debug|Any CPU.Build.0 = Debug|Any CPU
		{4F4417CE-4C02-456A-890D-3C3025364F0F}.Release|Any CPU.ActiveCfg = Release|Any CPU
		{4F4417CE-4C02-456A-890D-3C3025364F0F}.Release|Any CPU.Build.0 = Release|Any CPU
		{2197A6CA-CA5D-4DAF-9928-67D67BDED0EB}.Debug|Any CPU.ActiveCfg = Debug|Any CPU
		{2197A6CA-CA5D-4DAF-9928-67D67BDED0EB}.Debug|Any CPU.Build.0 = Debug|Any CPU
		{2197A6CA-CA5D-4DAF-9928-67D67BDED0EB}.Release|Any CPU.ActiveCfg = Release|Any CPU
		{2197A6CA-CA5D-4DAF-9928-67D67BDED0EB}.Release|Any CPU.Build.0 = Release|Any CPU
		{E703800D-F2F4-411F-821E-FFDD23D1E7F3}.Debug|Any CPU.ActiveCfg = Debug|Any CPU
		{E703800D-F2F4-411F-821E-FFDD23D1E7F3}.Debug|Any CPU.Build.0 = Debug|Any CPU
		{E703800D-F2F4-411F-821E-FFDD23D1E7F3}.Release|Any CPU.ActiveCfg = Release|Any CPU
		{E703800D-F2F4-411F-821E-FFDD23D1E7F3}.Release|Any CPU.Build.0 = Release|Any CPU
		{3AAE0A46-7550-4CC9-8C3D-D9F0BC1F65E5}.Debug|Any CPU.ActiveCfg = Debug|Any CPU
		{3AAE0A46-7550-4CC9-8C3D-D9F0BC1F65E5}.Debug|Any CPU.Build.0 = Debug|Any CPU
		{3AAE0A46-7550-4CC9-8C3D-D9F0BC1F65E5}.Release|Any CPU.ActiveCfg = Release|Any CPU
		{3AAE0A46-7550-4CC9-8C3D-D9F0BC1F65E5}.Release|Any CPU.Build.0 = Release|Any CPU
		{080AD804-882D-479C-A6E8-4114DA3EB3F7}.Debug|Any CPU.ActiveCfg = Debug|Any CPU
		{080AD804-882D-479C-A6E8-4114DA3EB3F7}.Debug|Any CPU.Build.0 = Debug|Any CPU
		{080AD804-882D-479C-A6E8-4114DA3EB3F7}.Release|Any CPU.ActiveCfg = Release|Any CPU
		{080AD804-882D-479C-A6E8-4114DA3EB3F7}.Release|Any CPU.Build.0 = Release|Any CPU
		{3CBAE237-34E7-4E48-8420-B6DDDEE90C49}.Debug|Any CPU.ActiveCfg = Debug|Any CPU
		{3CBAE237-34E7-4E48-8420-B6DDDEE90C49}.Debug|Any CPU.Build.0 = Debug|Any CPU
		{3CBAE237-34E7-4E48-8420-B6DDDEE90C49}.Release|Any CPU.ActiveCfg = Release|Any CPU
		{3CBAE237-34E7-4E48-8420-B6DDDEE90C49}.Release|Any CPU.Build.0 = Release|Any CPU
		{CE6CA6CF-9279-40DC-A312-19DF0E9F49DE}.Debug|Any CPU.ActiveCfg = Debug|Any CPU
		{CE6CA6CF-9279-40DC-A312-19DF0E9F49DE}.Debug|Any CPU.Build.0 = Debug|Any CPU
		{CE6CA6CF-9279-40DC-A312-19DF0E9F49DE}.Release|Any CPU.ActiveCfg = Release|Any CPU
		{CE6CA6CF-9279-40DC-A312-19DF0E9F49DE}.Release|Any CPU.Build.0 = Release|Any CPU
		{24780AFF-8AD0-4FF7-95FD-C33FABDFF3D3}.Debug|Any CPU.ActiveCfg = Debug|Any CPU
		{24780AFF-8AD0-4FF7-95FD-C33FABDFF3D3}.Debug|Any CPU.Build.0 = Debug|Any CPU
		{24780AFF-8AD0-4FF7-95FD-C33FABDFF3D3}.Release|Any CPU.ActiveCfg = Release|Any CPU
		{24780AFF-8AD0-4FF7-95FD-C33FABDFF3D3}.Release|Any CPU.Build.0 = Release|Any CPU
		{19920142-6331-486D-91E5-C9FDAF754699}.Debug|Any CPU.ActiveCfg = Debug|Any CPU
		{19920142-6331-486D-91E5-C9FDAF754699}.Debug|Any CPU.Build.0 = Debug|Any CPU
		{19920142-6331-486D-91E5-C9FDAF754699}.Release|Any CPU.ActiveCfg = Release|Any CPU
		{19920142-6331-486D-91E5-C9FDAF754699}.Release|Any CPU.Build.0 = Release|Any CPU
		{DBD8E904-2824-4A4B-9AA6-3CAE9105DE0C}.Debug|Any CPU.ActiveCfg = Debug|Any CPU
		{DBD8E904-2824-4A4B-9AA6-3CAE9105DE0C}.Debug|Any CPU.Build.0 = Debug|Any CPU
		{DBD8E904-2824-4A4B-9AA6-3CAE9105DE0C}.Release|Any CPU.ActiveCfg = Release|Any CPU
		{DBD8E904-2824-4A4B-9AA6-3CAE9105DE0C}.Release|Any CPU.Build.0 = Release|Any CPU
		{3875B1B2-EE51-4635-9474-8F31A60E71EA}.Debug|Any CPU.ActiveCfg = Debug|Any CPU
		{3875B1B2-EE51-4635-9474-8F31A60E71EA}.Debug|Any CPU.Build.0 = Debug|Any CPU
		{3875B1B2-EE51-4635-9474-8F31A60E71EA}.Release|Any CPU.ActiveCfg = Release|Any CPU
		{3875B1B2-EE51-4635-9474-8F31A60E71EA}.Release|Any CPU.Build.0 = Release|Any CPU
		{46F36E6A-5555-4C67-8066-378063BFBF34}.Debug|Any CPU.ActiveCfg = Debug|Any CPU
		{46F36E6A-5555-4C67-8066-378063BFBF34}.Debug|Any CPU.Build.0 = Debug|Any CPU
		{46F36E6A-5555-4C67-8066-378063BFBF34}.Release|Any CPU.ActiveCfg = Release|Any CPU
		{46F36E6A-5555-4C67-8066-378063BFBF34}.Release|Any CPU.Build.0 = Release|Any CPU
		{AB3241DC-2CA3-449E-ABCF-5076CD7B0AF4}.Debug|Any CPU.ActiveCfg = Debug|Any CPU
		{AB3241DC-2CA3-449E-ABCF-5076CD7B0AF4}.Debug|Any CPU.Build.0 = Debug|Any CPU
		{AB3241DC-2CA3-449E-ABCF-5076CD7B0AF4}.Release|Any CPU.ActiveCfg = Release|Any CPU
		{AB3241DC-2CA3-449E-ABCF-5076CD7B0AF4}.Release|Any CPU.Build.0 = Release|Any CPU
	EndGlobalSection
	GlobalSection(SolutionProperties) = preSolution
		HideSolutionNode = FALSE
	EndGlobalSection
	GlobalSection(ExtensibilityGlobals) = postSolution
		SolutionGuid = {9872DE09-3B6D-4537-B6ED-8CE6E0F070D5}
	EndGlobalSection
EndGlobal
